github.com/kr/pretty v0.2.1 h1:Fmg33tUaq4/8ym9TJN1x7sLJnHVwhP33CNkpYV/7rwI=
github.com/kr/text v0.1.0 h1:45sCR5RtlFHMR4UwH9sdQ5TC8v0qDQCHnXt+kaKSTVE=
github.com/leaseweb/leaseweb-go-sdk/abuse v0.0.0-20241230095423-e1ad88be3188 h1:NhMikDrXP8/V9klgE23tc7BZsvEBCkLPpRL3n25fnD8=
github.com/leaseweb/leaseweb-go-sdk/abuse v0.0.0-20241230095423-e1ad88be3188/go.mod h1:VofRmCtVcL3IWjG1IWrlErHm+NWDq7B1tmfDjn58Xg8=
github.com/leaseweb/leaseweb-go-sdk/aggregationpack v0.0.0-20241230095423-e1ad88be3188 h1:AplZyoUIFOBlPirGcgp+1QCfhz4+falOIf0NUmUQ4xU=
github.com/leaseweb/leaseweb-go-sdk/aggregationpack v0.0.0-20241230095423-e1ad88be3188/go.mod h1:QIKF5Qfot2Yv7/hf/48FDSiL4xGUgPLh1lC+NOVGz58=
github.com/leaseweb/leaseweb-go-sdk/dedicatedserver v0.0.0-20241230095423-e1ad88be3188 h1:vWazIQwRFIhGJYEeMKnmSA2x5rWn1ugJhLMIFowMnJA=
github.com/leaseweb/leaseweb-go-sdk/dedicatedserver v0.0.0-20241230095423-e1ad88be3188/go.mod h1:8c8VAxXnjCxuUEss0Unrd5NB9o7oAkOPeORCs58y76s=
github.com/leaseweb/leaseweb-go-sdk/dns v0.0.0-20241230095423-e1ad88be3188 h1:HwIX2om40r0egEUfnu6cVZEuVDIYpCI6IvUjwuYnqNk=
github.com/leaseweb/leaseweb-go-sdk/dns v0.0.0-20241230095423-e1ad88be3188/go.mod h1:ntxqh2fT7XDwjPLNsWtq6tTjwjL/75llxnbzEZvvzIo=
github.com/leaseweb/leaseweb-go-sdk/invoice v0.0.0-20241230095423-e1ad88be3188 h1:Vqdcod/wIfqwtMZl+vaI1y4KQeETDLeuJxpq2JgqeQc=
github.com/leaseweb/leaseweb-go-sdk/invoice v0.0.0-20241230095423-e1ad88be3188/go.mod h1:lI/W9zHBEvjaNrF9tiUqDSxaUose3NkI4H+TqqEdR94=
github.com/leaseweb/leaseweb-go-sdk/ipmgmt v0.0.0-20241230095423-e1ad88be3188 h1:YICacIN0kzPhNFInvaJV0lQb8P7sigNQlA9PN701DZI=
github.com/leaseweb/leaseweb-go-sdk/ipmgmt v0.0.0-20241230095423-e1ad88be3188/go.mod h1:ipS7tM7zdo0VGHnw6RF5e+7O0aPI7xAj/C5JjJPh6hU=
github.com/leaseweb/leaseweb-go-sdk/publiccloud v0.0.0-20241230095423-e1ad88be3188 h1:uAIAgN1OhDw5zn2YO06TGenrtvRZnSaI7ATW3h7q2/I=
github.com/leaseweb/leaseweb-go-sdk/publiccloud v0.0.0-20241230095423-e1ad88be3188/go.mod h1:AYJsx8WlHYQXRAzEMuXzuApwIctcLPFazfAo9uy6ogY=
gopkg.in/check.v1 v1.0.0-20201130134442-10cb98267c6c h1:Hei/4ADfdWqJk1ZMxUNpqntNwaWcugrBjAiHlqqRiVk=
gopkg.in/validator.v2 v2.0.1 h1:xF0KWyGWXm/LM2G1TrEjqOu4pa6coO9AlWSf3msVfDY=
gopkg.in/validator.v2 v2.0.1/go.mod h1:lIUZBlB3Im4s/eYp39Ry/wkR02yOPhZ9IwIRBjuPuG8=
