github.com/kr/pretty v0.2.1 h1:Fmg33tUaq4/8ym9TJN1x7sLJnHVwhP33CNkpYV/7rwI=
github.com/kr/text v0.1.0 h1:45sCR5RtlFHMR4UwH9sdQ5TC8v0qDQCHnXt+kaKSTVE=
github.com/leaseweb/leaseweb-go-sdk/abuse v0.0.0-20250103145309-1f00547f505c h1:1XdxEYJ9BJmAPgP+5mVF+nyYgVOSzPwIt2gWpHSoklo=
github.com/leaseweb/leaseweb-go-sdk/abuse v0.0.0-20250103145309-1f00547f505c/go.mod h1:VofRmCtVcL3IWjG1IWrlErHm+NWDq7B1tmfDjn58Xg8=
github.com/leaseweb/leaseweb-go-sdk/aggregationpack v0.0.0-20250103145309-1f00547f505c h1:727Mq0sidV0JwzDFr7/rSpo1RTTTO5tCQsfJdqb5iAo=
github.com/leaseweb/leaseweb-go-sdk/aggregationpack v0.0.0-20250103145309-1f00547f505c/go.mod h1:QIKF5Qfot2Yv7/hf/48FDSiL4xGUgPLh1lC+NOVGz58=
github.com/leaseweb/leaseweb-go-sdk/dedicatedserver v0.0.0-20250103145309-1f00547f505c h1:1szcxpEwEgxq+5NtTExLHtmZZhLFlVT+C8YZOCLoQz4=
github.com/leaseweb/leaseweb-go-sdk/dedicatedserver v0.0.0-20250103145309-1f00547f505c/go.mod h1:8c8VAxXnjCxuUEss0Unrd5NB9o7oAkOPeORCs58y76s=
github.com/leaseweb/leaseweb-go-sdk/dns v0.0.0-20250103145309-1f00547f505c h1:5nVDjzHDqdTi/AvxHFHAN+JYduTGQ3vn40kXF0VIrSI=
github.com/leaseweb/leaseweb-go-sdk/dns v0.0.0-20250103145309-1f00547f505c/go.mod h1:ntxqh2fT7XDwjPLNsWtq6tTjwjL/75llxnbzEZvvzIo=
github.com/leaseweb/leaseweb-go-sdk/invoice v0.0.0-20250103145309-1f00547f505c h1:Ekcl9h2azhpOouoPcMrqAU20WNy6FMwYRXEZ1L01G2I=
github.com/leaseweb/leaseweb-go-sdk/invoice v0.0.0-20250103145309-1f00547f505c/go.mod h1:lI/W9zHBEvjaNrF9tiUqDSxaUose3NkI4H+TqqEdR94=
github.com/leaseweb/leaseweb-go-sdk/ipmgmt v0.0.0-20250103145656-75b0166e5739 h1:LwNPADagUNgaaTkCJVU7I8PNMQAU9NZFbfCEXbwgPdk=
github.com/leaseweb/leaseweb-go-sdk/ipmgmt v0.0.0-20250103145656-75b0166e5739/go.mod h1:TeCaVUQAQU2MeaJVJMMGAnuq9r6VKQF3kurB4dfN9HY=
github.com/leaseweb/leaseweb-go-sdk/publiccloud v0.0.0-20250103145309-1f00547f505c h1:Y+1oyL7YdMF5aU6Yzp8s+5YI+jjUtGl6gOUewSdPK08=
github.com/leaseweb/leaseweb-go-sdk/publiccloud v0.0.0-20250103145309-1f00547f505c/go.mod h1:AYJsx8WlHYQXRAzEMuXzuApwIctcLPFazfAo9uy6ogY=
gopkg.in/check.v1 v1.0.0-20201130134442-10cb98267c6c h1:Hei/4ADfdWqJk1ZMxUNpqntNwaWcugrBjAiHlqqRiVk=
gopkg.in/validator.v2 v2.0.1 h1:xF0KWyGWXm/LM2G1TrEjqOu4pa6coO9AlWSf3msVfDY=
gopkg.in/validator.v2 v2.0.1/go.mod h1:lIUZBlB3Im4s/eYp39Ry/wkR02yOPhZ9IwIRBjuPuG8=
